#MicroXplorer Configuration settings - do not modify
ADC1.Channel-1\#ChannelInjectedConversion=ADC_CHANNEL_0
ADC1.Channel-1\#ChannelRegularConversion=ADC_CHANNEL_1
ADC1.Channel-2\#ChannelInjectedConversion=ADC_CHANNEL_11
ADC1.Channel-3\#ChannelInjectedConversion=ADC_CHANNEL_10
ADC1.ClockPrescaler=ADC_CLOCK_SYNC_PCLK_DIV4
ADC1.ContinuousConvMode=DISABLE
ADC1.DMAContinuousRequests=DISABLE
ADC1.DataAlign=ADC_DATAALIGN_LEFT
ADC1.DiscontinuousConvMode=DISABLE
ADC1.EOCSelection=ADC_EOC_SINGLE_CONV
ADC1.EnableAnalogWatchDog=false
ADC1.EnableInjectedConversion=ENABLE
ADC1.EnableRegularConversion=ENABLE
ADC1.ExternalTrigConv=ADC_SOFTWARE_START
ADC1.ExternalTrigConvEdge=ADC_EXTERNALTRIGCONVEDGE_NONE
ADC1.ExternalTrigInjecConv=ADC_EXTERNALTRIGINJECCONV_T1_CC4
ADC1.ExternalTrigInjecConvEdge=ADC_EXTERNALTRIGINJECCONVEDGE_RISING
ADC1.IPParameters=ClockPrescaler,Resolution,DataAlign,ContinuousConvMode,DiscontinuousConvMode,DMAContinuousRequests,EOCSelection,EnableAnalogWatchDog,EnableInjectedConversion,InjectedConvMode,ExternalTrigInjecConv,ExternalTrigInjecConvEdge,InjNumberOfConversion,InjectedRank-1\#ChannelInjectedConversion,Channel-1\#ChannelInjectedConversion,SamplingTime-1\#ChannelInjectedConversion,InjectedOffset-1\#ChannelInjectedConversion,InjectedRank-2\#ChannelInjectedConversion,Channel-2\#ChannelInjectedConversion,SamplingTime-2\#ChannelInjectedConversion,InjectedOffset-2\#ChannelInjectedConversion,InjectedRank-3\#ChannelInjectedConversion,Channel-3\#ChannelInjectedConversion,SamplingTime-3\#ChannelInjectedConversion,InjectedOffset-3\#ChannelInjectedConversion,EnableRegularConversion,ExternalTrigConv,ExternalTrigConvEdge,ScanConvMode,NbrOfConversionFlag,NbrOfConversion,Rank-1\#ChannelRegularConversion,Channel-1\#ChannelRegularConversion,SamplingTime-1\#ChannelRegularConversion,OffsetNumber-1\#ChannelRegularConversion,Offset-1\#ChannelRegularConversion,master
ADC1.InjNumberOfConversion=3
ADC1.InjectedConvMode=None
ADC1.InjectedOffset-1\#ChannelInjectedConversion=0
ADC1.InjectedOffset-2\#ChannelInjectedConversion=0
ADC1.InjectedOffset-3\#ChannelInjectedConversion=0
ADC1.InjectedRank-1\#ChannelInjectedConversion=1
ADC1.InjectedRank-2\#ChannelInjectedConversion=2
ADC1.InjectedRank-3\#ChannelInjectedConversion=3
ADC1.NbrOfConversion=1
ADC1.NbrOfConversionFlag=1
ADC1.Offset-1\#ChannelRegularConversion=0
ADC1.OffsetNumber-1\#ChannelRegularConversion=ADC_OFFSET_NONE
ADC1.Rank-1\#ChannelRegularConversion=1
ADC1.Resolution=ADC_RESOLUTION_12B
ADC1.SamplingTime-1\#ChannelInjectedConversion=ADC_SAMPLETIME_15CYCLES
ADC1.SamplingTime-1\#ChannelRegularConversion=ADC_SAMPLETIME_28CYCLES
ADC1.SamplingTime-2\#ChannelInjectedConversion=ADC_SAMPLETIME_15CYCLES
ADC1.SamplingTime-3\#ChannelInjectedConversion=ADC_SAMPLETIME_15CYCLES
ADC1.ScanConvMode=ENABLE
ADC1.master=1
CAD.formats=
CAD.pinconfig=
CAD.provider=
Dma.Request0=USART2_RX
Dma.Request1=USART2_TX
Dma.RequestsNb=2
Dma.USART2_RX.0.Direction=DMA_PERIPH_TO_MEMORY
Dma.USART2_RX.0.FIFOMode=DMA_FIFOMODE_DISABLE
Dma.USART2_RX.0.Instance=DMA1_Stream5
Dma.USART2_RX.0.MemDataAlignment=DMA_MDATAALIGN_BYTE
Dma.USART2_RX.0.MemInc=DMA_MINC_ENABLE
Dma.USART2_RX.0.Mode=DMA_NORMAL
Dma.USART2_RX.0.PeriphDataAlignment=DMA_PDATAALIGN_BYTE
Dma.USART2_RX.0.PeriphInc=DMA_PINC_DISABLE
Dma.USART2_RX.0.Priority=DMA_PRIORITY_LOW
Dma.USART2_RX.0.RequestParameters=Instance,Direction,PeriphInc,MemInc,PeriphDataAlignment,MemDataAlignment,Mode,Priority,FIFOMode
Dma.USART2_TX.1.Direction=DMA_MEMORY_TO_PERIPH
Dma.USART2_TX.1.FIFOMode=DMA_FIFOMODE_DISABLE
Dma.USART2_TX.1.Instance=DMA1_Stream6
Dma.USART2_TX.1.MemDataAlignment=DMA_MDATAALIGN_BYTE
Dma.USART2_TX.1.MemInc=DMA_MINC_ENABLE
Dma.USART2_TX.1.Mode=DMA_NORMAL
Dma.USART2_TX.1.PeriphDataAlignment=DMA_PDATAALIGN_BYTE
Dma.USART2_TX.1.PeriphInc=DMA_PINC_DISABLE
Dma.USART2_TX.1.Priority=DMA_PRIORITY_LOW
Dma.USART2_TX.1.RequestParameters=Instance,Direction,PeriphInc,MemInc,PeriphDataAlignment,MemDataAlignment,Mode,Priority,FIFOMode
ExtraMW=MotorControl
ExtraMW.MotorControl.Config=MotorControl
ExtraMW.MotorControl.Mode=MotorControl
ExtraMW.MotorControl.Root=MCSDK_v6.4.1-Full/MotorControl
ExtraMW.MotorControl.Template=templates
File.Version=6
KeepUserPlacement=false
Mcu.CPN=STM32F401RET6
Mcu.Family=STM32F4
Mcu.IP0=ADC1
Mcu.IP1=DMA
Mcu.IP2=MotorControl
Mcu.IP3=NVIC
Mcu.IP4=RCC
Mcu.IP5=SYS
Mcu.IP6=TIM1
Mcu.IP7=TIM2
Mcu.IP8=USART2
Mcu.IPNb=9
Mcu.Name=STM32F401R(D-E)Tx
Mcu.Package=LQFP64
Mcu.Pin0=PC13-ANTI_TAMP
Mcu.Pin1=PH0 - OSC_IN
Mcu.Pin10=PA7
Mcu.Pin11=PB0
Mcu.Pin12=PB1
Mcu.Pin13=PA8
Mcu.Pin14=PA9
Mcu.Pin15=PA10
Mcu.Pin16=PA15
Mcu.Pin17=PB3
Mcu.Pin18=VP_SYS_VS_Systick
Mcu.Pin19=VP_TIM1_VS_no_output4
Mcu.Pin2=PH1 - OSC_OUT
Mcu.Pin20=VP_MotorControl_MC_ENABLED
Mcu.Pin3=PC0
Mcu.Pin4=PC1
Mcu.Pin5=PA0-WKUP
Mcu.Pin6=PA1
Mcu.Pin7=PA2
Mcu.Pin8=PA3
Mcu.Pin9=PA6
Mcu.PinsNb=21
Mcu.ThirdPartyNb=0
Mcu.UserConstants=
Mcu.UserName=STM32F401RETx
MotorControl.ADC_AHBPERIPH=RCC_AHBPeriph_ADC1
MotorControl.ADC_CLOCK_WB_DIV=1
MotorControl.ADC_PERIPH=ADC1
MotorControl.ADC_REFERENCE_VOLTAGE=3.3
MotorControl.BOARD=NUCLEO-F401RE
MotorControl.BUS_VOLTAGE_READING=true
MotorControl.CCMRAM_ENABLED=false
MotorControl.CLOCK_FREQUENCY=CPU_CLK_84_MHZ
MotorControl.CLOCK_SOURCE=EXTERNAL
MotorControl.CPU_CLK_84_MHZ=true
MotorControl.CTLBOARD_NAME=NUCLEO-F401RE
MotorControl.CUBE_MX_VER=6.16.1
MotorControl.CURRENT_READING_TOPOLOGY=THREE_SHUNT
MotorControl.CURR_SAMPLING_TIME=15
MotorControl.DBG_MCU_LOAD_MEASURE=false
MotorControl.DEBUG_DAC_FUNCTIONALITY_EN=false
MotorControl.DRIVES_NUMBER_SELECTION=SINGLEDRIVE
MotorControl.DRIVE_NUMBER=1
MotorControl.DRIVE_TYPE=FOC
MotorControl.EMERGENCY_STOP_GPIO_PIN=LL_GPIO_PIN_6
MotorControl.EMERGENCY_STOP_GPIO_PORT=GPIOA
MotorControl.ENCODER=true
MotorControl.ENCODER_AVAILABLE=true
MotorControl.ENCODER_PPR=2048
MotorControl.ENC_A_GPIO_PIN=LL_GPIO_PIN_15
MotorControl.ENC_A_GPIO_PORT=GPIOA
MotorControl.ENC_B_GPIO_PIN=LL_GPIO_PIN_3
MotorControl.ENC_B_GPIO_PORT=GPIOB
MotorControl.ENC_ICx_FILTER=59
MotorControl.ENC_INVERT_SPEED=false
MotorControl.ENC_TIMER_SELECTION=ENC_TIM2
MotorControl.ENC_USE_CH3=false
MotorControl.EXT_CLK_8_MHZ=true
MotorControl.EXT_CLOCK_FREQUENCY=EXT_CLK_8_MHZ
MotorControl.FEEDBACK_NET_FILTERING=false
MotorControl.FLASH_SIZE=512
MotorControl.HALL_SENSORS_AVAILABLE=true
MotorControl.HIGH_SIDE_IDLE_STATE=false
MotorControl.HWV_CS=ThreeShunt_AmplifiedCurrents
MotorControl.HWV_OCP=OnPowerStageOCP
MotorControl.HWV_PWM=DrivingHighAndLowSides
MotorControl.HW_COMPLEMENTED_LOW_SIDE=false
MotorControl.HW_DEAD_TIME_NS=1000
MotorControl.IPParameters=ADC_AHBPERIPH,ADC_CLOCK_WB_DIV,ADC_PERIPH,ADC_REFERENCE_VOLTAGE,BOARD,BUS_VOLTAGE_READING,CCMRAM_ENABLED,CLOCK_FREQUENCY,CLOCK_SOURCE,CPU_CLK_84_MHZ,CTLBOARD_NAME,CUBE_MX_VER,CURR_SAMPLING_TIME,CURRENT_READING_TOPOLOGY,DBG_MCU_LOAD_MEASURE,DEBUG_DAC_FUNCTIONALITY_EN,DRIVE_NUMBER,DRIVE_TYPE,DRIVES_NUMBER_SELECTION,EMERGENCY_STOP_GPIO_PIN,EMERGENCY_STOP_GPIO_PORT,ENC_A_GPIO_PIN,ENC_A_GPIO_PORT,ENC_B_GPIO_PIN,ENC_B_GPIO_PORT,ENC_ICx_FILTER,ENC_INVERT_SPEED,ENC_TIMER_SELECTION,ENC_USE_CH3,ENCODER,ENCODER_AVAILABLE,ENCODER_PPR,EXT_CLK_8_MHZ,EXT_CLOCK_FREQUENCY,FEEDBACK_NET_FILTERING,FLASH_SIZE,HALL_SENSORS_AVAILABLE,HIGH_SIDE_IDLE_STATE,HW_COMPLEMENTED_LOW_SIDE,HW_DEAD_TIME_NS,HWV_CS,HWV_OCP,HWV_PWM,IPs,LOW_MEMORY_FOOTPRINT_REG,LOW_SIDE_IDLE_STATE,LOW_SIDE_SIGNALS_ENABLING,M1_ALIGNMENT_ANGLE_DEG,M1_ALIGNMENT_DURATION,M1_AMPLIFICATION_GAIN,M1_ANGC,M1_AUXILIARY_SPEED_SENSOR,M1_BOARD_MAX_CURRENT,M1_BUS_VOLTAGE_READING,M1_COMMUTATION_STEP_TIME_BUF_SIZE,M1_CONSTANT1_D,M1_CONSTANT1_Q,M1_CONSTANT2_QD,M1_CS_ADC_NUM,M1_CS_ADC_PHASE_SHARED,M1_CS_ADC_U,M1_CS_ADC_V,M1_CS_ADC_W,M1_CS_CHANNEL_U,M1_CS_CHANNEL_V,M1_CS_CHANNEL_W,M1_CURR_SAMPLING_TIME,M1_CURRENT_AMPLIFICATION_TOPO,M1_CURRENT_SENSING_TOPO,M1_DBG_OPEN_LOOP_ENABLE,M1_DC_CURRENT_RS_MEAS,M1_DEFAULT_CONTROL_MODE,M1_DEFAULT_FLUX_COMPONENT,M1_DEFAULT_TARGET_SPEED_RPM,M1_DEFAULT_TORQUE_COMPONENT,M1_DISCONTINUOUS_PWM,M1_DP_TOPOLOGY,M1_DRIVE_TYPE,M1_ENC_A_GPIO_PIN,M1_ENC_A_GPIO_PORT,M1_ENC_AVERAGING_FIFO_DEPTH,M1_ENC_B_GPIO_PIN,M1_ENC_B_GPIO_PORT,M1_ENC_ICx_FILTER,M1_ENC_TIMER_IRQ,M1_ENC_TIMER_SELECTION,M1_ENC_USE_CH3,M1_ENCODER_PPR,M1_FEED_FORWARD_CURRENT_REG_ENABLING,M1_FINAL_I_ALIGNMENT,M1_FLUX_WEAKENING_ENABLING,M1_FW_KI_GAIN,M1_FW_KIDIV,M1_FW_KP_GAIN,M1_FW_KPDIV,M1_FW_VOLTAGE_REF,M1_HALL_PHASE_SHIFT,M1_HALL_SENSORS_PLACEMENT,M1_HIGH_SIDE_IDLE_STATE,M1_HW_DEAD_TIME_NS,M1_ICL_ENABLED,M1_ID_DEMAG,M1_IQMAX,M1_LDLQ_RATIO,M1_LOW_SIDE_IDLE_STATE,M1_LOW_SIDE_SIGNALS_ENABLING,M1_LS,M1_MAX_APPLICATION_SPEED,M1_MAX_MODULATION_INDEX,M1_MIN_APPLICATION_SPEED,M1_MOTOR_MAX_SPEED_RPM,M1_MOTOR_NAME,M1_MOTOR_RATED_FLUX,M1_MOTOR_VOLTAGE_CONSTANT,M1_MTPA_ENABLING,M1_NOMINAL_BUS_VOLTAGE_V,M1_NOMINAL_CURRENT,M1_OCP_BKIN_FILTER,M1_OCP_BKIN_MODE,M1_OCP_BKIN_POLARITY,M1_OCP_DESTINATION,M1_OCP_TOPOLOGY,M1_OFST,M1_ON_OVER_VOLTAGE,M1_OV_VOLTAGE_PROT_ENABLING,M1_OV_VOLTAGE_THRESHOLD_V,M1_OVERMODULATION,M1_OVP_THRESHOLD_HIGH,M1_PID_FLUX_KD_DEFAULT,M1_PID_FLUX_KI_DEFAULT,M1_PID_FLUX_KP_DEFAULT,M1_PID_SPEED_KD_DEFAULT,M1_PID_SPEED_KI_DEFAULT,M1_PID_SPEED_KP_DEFAULT,M1_PID_TORQUE_KD_DEFAULT,M1_PID_TORQUE_KI_DEFAULT,M1_PID_TORQUE_KP_DEFAULT,M1_POLE_PAIR_NUM,M1_POSITION_CTRL_ENABLING,M1_POTENTIOMETER_ENABLE,M1_POWERBOARD_NAME,M1_PWM_CHARGE_BOOT_CAP_DUTY_CYCLES,M1_PWM_CHARGE_BOOT_CAP_MS,M1_PWM_DRIVER_PN,M1_PWM_FREQUENCY,M1_PWM_TIMER_BRK_IRQ,M1_PWM_TIMER_SELECTION,M1_PWM_TIMER_UP_IRQ,M1_REGULATION_EXECUTION_RATE,M1_RS,M1_RSHUNT,M1_SEGDIV,M1_SHARED_SIGNAL_ENABLE,M1_SP_KDDIV,M1_SP_KIDIV,M1_SP_KPDIV,M1_SPD_DIFFERENTIAL_TERM_ENABLING,M1_SPEED_LOOP_FREQUENCY_HZ,M1_SPEED_SENSOR,M1_SS_MEAS_ERRORS_BEFORE_FAULTS,M1_SW_DEADTIME_NS,M1_TEMPERATURE_READING,M1_TF_KDDIV,M1_TF_KIDIV,M1_TF_KPDIV,M1_TNOISE_NS,M1_TRISE_NS,M1_UD_VOLTAGE_THRESHOLD_V,M1_USE_INTERNAL_OPAMP,M1_UV_VOLTAGE_PROT_ENABLING,M1_VBUS_ADC,M1_VBUS_ADC_SAMPLING_TIME,M1_VBUS_CHANNEL,M1_VBUS_PARTITIONING_FACTOR,MAX_READABLE_CURRENT,MC_WORKBENCH_VERSION,MCP_ASPEP_OVER_UART,MCP_ASYNC_EN,MCP_ASYNC_OVER_ASPEP_EN,MCP_ASYNC_OVER_UART_A_EN,MCP_DMA_RX_UART_A,MCP_DMA_TX_UART_A,MCP_DMACH_RX_UART_A,MCP_DMACH_TX_UART_A,MCP_EN,MCP_IRQ_HANDLER_DMA_RX_UART_A,MCP_IRQ_HANDLER_UART_A,MCP_OVER_ASPEP_EN,MCP_OVER_STLNK_EN,MCP_OVER_UART_A_EN,MCP_OVER_UART_B_EN,MCP_RX_SYNC_PAYLOAD_MAX,MCP_TX_ASYNC_PAYLOAD_MAX_UART_A,MCP_TX_SYNC_PAYLOAD_MAX,MCPA_OVER_UART_A_STREAM,MCU,MCU_FAMILY,MCU_LINE,MCU_NAME,MCU_PACKAGE,MCU_TYPE,MCU_USERNAME,MOTOR_PROFILER,MOTOR_TYPE,ON_OVER_VOLTAGE,OV_VOLTAGE_PROT_ENABLING,PHASE_U_CURR_ADC,PHASE_U_CURR_CHANNEL,PHASE_U_GPIO_PIN,PHASE_U_GPIO_PORT,PHASE_U_PWM_CHANNEL,PHASE_UH_GPIO_PIN,PHASE_UH_GPIO_PORT,PHASE_UH_POLARITY,PHASE_UL_GPIO_PIN,PHASE_UL_GPIO_PORT,PHASE_UL_POLARITY,PHASE_V_CURR_ADC,PHASE_V_CURR_CHANNEL,PHASE_V_GPIO_PIN,PHASE_V_GPIO_PORT,PHASE_V_PWM_CHANNEL,PHASE_VH_GPIO_PIN,PHASE_VH_GPIO_PORT,PHASE_VH_POLARITY,PHASE_VL_GPIO_PIN,PHASE_VL_GPIO_PORT,PHASE_VL_POLARITY,PHASE_W_CURR_ADC,PHASE_W_CURR_CHANNEL,PHASE_W_GPIO_PIN,PHASE_W_GPIO_PORT,PHASE_W_PWM_CHANNEL,PHASE_WH_GPIO_PIN,PHASE_WH_GPIO_PORT,PHASE_WH_POLARITY,PHASE_WL_GPIO_PIN,PHASE_WL_GPIO_PORT,PHASE_WL_POLARITY,POTENTIOMETER_READING,PWM_FREQUENCY,PWM_TIMER_SELECTION,R_BRAKE_SWITCH_OFF_THRES_V,REGULATION_EXECUTION_RATE,RTOS,SINGLEDRIVE,SPD_DIFFERENTIAL_TERM_ENABLING,SPEED_SENSOR_SELECTION,START_STOP_BTN,START_STOP_GPIO_IRQ,START_STOP_GPIO_PIN,START_STOP_GPIO_PORT,START_STOP_POLARITY,START_STOP_POLARITY_EDGE,STM32F401RE,SW_DEADTIME_NS,TEMPERATURE_READING,TFDIFFERENTIAL_TERM_ENABLING,THREE_SHUNT,TRISE_NS,USART_RX_GPIO_PIN,USART_RX_GPIO_PORT,USART_SELECTION,USART_SELECTION_A,USART_SPEED,USART_TX_GPIO_PIN,USART_TX_GPIO_PORT,USE_3OPAMPS,USE_INTERNAL_OPAMP,UV_VOLTAGE_PROT_ENABLING,VBUS_ADC,VBUS_ADC_SAMPLING_TIME,VBUS_CHANNEL,VBUS_GPIO_PIN,VBUS_GPIO_PORT,WB_MX_HEAPSIZE,WB_MX_STACKSIZE,WB_MX_TRUSTZONE_AVAILABLE,WB_to_Mx_template_version,WB_to_Mx_version,WB_UI_CUTOFF_FREQUENCY,WB_UI_ENCODER_HAS_INDEX_PIN,WB_UI_FLUX_TARGET,WB_UI_FRICTION,WB_UI_INERTIA,WB_UI_MAGNETIC_STRUCTURE,WB_UI_MAX_CURRENT,WB_UI_MAX_NOMINAL_DC_VOLTAGE,WB_UI_MAX_PWMFREQUENCY,WB_UI_MOTOR_DESCRIPTION,WB_UI_OCP_DISABLING_ENABLE,WB_UI_OCP_THRESHOLD,WB_UI_PW_BOARD_MAX_RATED_CURRENT,WB_UI_PW_BOARD_MAX_VOLTAGE,WB_UI_PW_BOARD_MIN_VOLTAGE,WB_UI_VPOL
MotorControl.IPs=NVIC,RCC,SYS,MotorControl,ADC1,TIM1,TIM2,USART2,DMA
MotorControl.LOW_MEMORY_FOOTPRINT_REG=false
MotorControl.LOW_SIDE_IDLE_STATE=false
MotorControl.LOW_SIDE_SIGNALS_ENABLING=LS_PWM_TIMER
MotorControl.M1_ALIGNMENT_ANGLE_DEG=90
MotorControl.M1_ALIGNMENT_DURATION=700
MotorControl.M1_AMPLIFICATION_GAIN=5.18
MotorControl.M1_ANGC={0,0,0,0,0,0,0,0}
MotorControl.M1_AUXILIARY_SPEED_SENSOR=NONE
MotorControl.M1_BOARD_MAX_CURRENT=5
MotorControl.M1_BUS_VOLTAGE_READING=true
MotorControl.M1_COMMUTATION_STEP_TIME_BUF_SIZE=12
MotorControl.M1_CONSTANT1_D=124371
MotorControl.M1_CONSTANT1_Q=124371
MotorControl.M1_CONSTANT2_QD=9357
MotorControl.M1_CS_ADC_NUM=1
MotorControl.M1_CS_ADC_PHASE_SHARED=NONE
MotorControl.M1_CS_ADC_U=ADC1
MotorControl.M1_CS_ADC_V=ADC1
MotorControl.M1_CS_ADC_W=ADC1
MotorControl.M1_CS_CHANNEL_U=0
MotorControl.M1_CS_CHANNEL_V=11
MotorControl.M1_CS_CHANNEL_W=10
MotorControl.M1_CURRENT_AMPLIFICATION_TOPO=EXTERNAL
MotorControl.M1_CURRENT_SENSING_TOPO=THREE_SHUNT
MotorControl.M1_CURR_SAMPLING_TIME=15
MotorControl.M1_DBG_OPEN_LOOP_ENABLE=false
MotorControl.M1_DC_CURRENT_RS_MEAS=5
MotorControl.M1_DEFAULT_CONTROL_MODE=STC_TORQUE_MODE
MotorControl.M1_DEFAULT_FLUX_COMPONENT=0
MotorControl.M1_DEFAULT_TARGET_SPEED_RPM=72
MotorControl.M1_DEFAULT_TORQUE_COMPONENT=0
MotorControl.M1_DISCONTINUOUS_PWM=false
MotorControl.M1_DP_TOPOLOGY=NONE
MotorControl.M1_DRIVE_TYPE=FOC
MotorControl.M1_ENCODER_PPR=2048
MotorControl.M1_ENC_AVERAGING_FIFO_DEPTH=16
MotorControl.M1_ENC_A_GPIO_PIN=LL_GPIO_PIN_15
MotorControl.M1_ENC_A_GPIO_PORT=GPIOA
MotorControl.M1_ENC_B_GPIO_PIN=LL_GPIO_PIN_3
MotorControl.M1_ENC_B_GPIO_PORT=GPIOB
MotorControl.M1_ENC_ICx_FILTER=59
MotorControl.M1_ENC_TIMER_IRQ=TIM2
MotorControl.M1_ENC_TIMER_SELECTION=ENC_TIM2
MotorControl.M1_ENC_USE_CH3=false
MotorControl.M1_FEED_FORWARD_CURRENT_REG_ENABLING=false
MotorControl.M1_FINAL_I_ALIGNMENT=5
MotorControl.M1_FLUX_WEAKENING_ENABLING=false
MotorControl.M1_FW_KIDIV=32768
MotorControl.M1_FW_KI_GAIN=5000
MotorControl.M1_FW_KPDIV=32768
MotorControl.M1_FW_KP_GAIN=3000
MotorControl.M1_FW_VOLTAGE_REF=985
MotorControl.M1_HALL_PHASE_SHIFT=300
MotorControl.M1_HALL_SENSORS_PLACEMENT=DEGREES_120
MotorControl.M1_HIGH_SIDE_IDLE_STATE=false
MotorControl.M1_HW_DEAD_TIME_NS=1000
MotorControl.M1_ICL_ENABLED=false
MotorControl.M1_ID_DEMAG=-5
MotorControl.M1_IQMAX=5
MotorControl.M1_LDLQ_RATIO=1.000
MotorControl.M1_LOW_SIDE_IDLE_STATE=false
MotorControl.M1_LOW_SIDE_SIGNALS_ENABLING=LS_PWM_TIMER
MotorControl.M1_LS=0.00015
MotorControl.M1_MAX_APPLICATION_SPEED=200
MotorControl.M1_MAX_MODULATION_INDEX=94
MotorControl.M1_MIN_APPLICATION_SPEED=0
MotorControl.M1_MOTOR_MAX_SPEED_RPM=200
MotorControl.M1_MOTOR_NAME=MAXON Flat EC 42 M
MotorControl.M1_MOTOR_RATED_FLUX=0.018064987
MotorControl.M1_MOTOR_VOLTAGE_CONSTANT=3.0
MotorControl.M1_MTPA_ENABLING=false
MotorControl.M1_NOMINAL_BUS_VOLTAGE_V=24
MotorControl.M1_NOMINAL_CURRENT=5
MotorControl.M1_OCP_BKIN_FILTER=3
MotorControl.M1_OCP_BKIN_MODE=EXT_MODE
MotorControl.M1_OCP_BKIN_POLARITY=EMSTOP_ACTIVE_LOW
MotorControl.M1_OCP_DESTINATION=TIM_BKIN
MotorControl.M1_OCP_TOPOLOGY=EXTERNAL
MotorControl.M1_OFST={0,0,0,0,0,0,0,0}
MotorControl.M1_ON_OVER_VOLTAGE=TURN_OFF_PWM
MotorControl.M1_OVERMODULATION=false
MotorControl.M1_OVP_THRESHOLD_HIGH=29
MotorControl.M1_OV_VOLTAGE_PROT_ENABLING=true
MotorControl.M1_OV_VOLTAGE_THRESHOLD_V=29
MotorControl.M1_PID_FLUX_KD_DEFAULT=100
MotorControl.M1_PID_FLUX_KI_DEFAULT=3750
MotorControl.M1_PID_FLUX_KP_DEFAULT=2446
MotorControl.M1_PID_SPEED_KD_DEFAULT=0
MotorControl.M1_PID_SPEED_KI_DEFAULT=636
MotorControl.M1_PID_SPEED_KP_DEFAULT=3512
MotorControl.M1_PID_TORQUE_KD_DEFAULT=100
MotorControl.M1_PID_TORQUE_KI_DEFAULT=3750
MotorControl.M1_PID_TORQUE_KP_DEFAULT=2446
MotorControl.M1_POLE_PAIR_NUM=8
MotorControl.M1_POSITION_CTRL_ENABLING=false
MotorControl.M1_POTENTIOMETER_ENABLE=false
MotorControl.M1_POWERBOARD_NAME=X-NUCLEO-IHM08M1
MotorControl.M1_PWM_CHARGE_BOOT_CAP_DUTY_CYCLES=0.000
MotorControl.M1_PWM_CHARGE_BOOT_CAP_MS=10
MotorControl.M1_PWM_DRIVER_PN=L6398
MotorControl.M1_PWM_FREQUENCY=16000
MotorControl.M1_PWM_TIMER_BRK_IRQ=TIM1_BRK_TIM9
MotorControl.M1_PWM_TIMER_SELECTION=PWM_TIM1
MotorControl.M1_PWM_TIMER_UP_IRQ=TIM1_UP_TIM10
MotorControl.M1_REGULATION_EXECUTION_RATE=1
MotorControl.M1_RS=0.23
MotorControl.M1_RSHUNT=0.01
MotorControl.M1_SEGDIV=0
MotorControl.M1_SHARED_SIGNAL_ENABLE=false
MotorControl.M1_SPD_DIFFERENTIAL_TERM_ENABLING=false
MotorControl.M1_SPEED_LOOP_FREQUENCY_HZ=1000
MotorControl.M1_SPEED_SENSOR=QUAD_ENCODER
MotorControl.M1_SP_KDDIV=16
MotorControl.M1_SP_KIDIV=16384
MotorControl.M1_SP_KPDIV=128
MotorControl.M1_SS_MEAS_ERRORS_BEFORE_FAULTS=3
MotorControl.M1_SW_DEADTIME_NS=850
MotorControl.M1_TEMPERATURE_READING=false
MotorControl.M1_TF_KDDIV=8192
MotorControl.M1_TF_KIDIV=16384
MotorControl.M1_TF_KPDIV=1024
MotorControl.M1_TNOISE_NS=1000
MotorControl.M1_TRISE_NS=1000
MotorControl.M1_UD_VOLTAGE_THRESHOLD_V=10
MotorControl.M1_USE_INTERNAL_OPAMP=false
MotorControl.M1_UV_VOLTAGE_PROT_ENABLING=true
MotorControl.M1_VBUS_ADC=ADC1
MotorControl.M1_VBUS_ADC_SAMPLING_TIME=28
MotorControl.M1_VBUS_CHANNEL=ADC_CHANNEL_1
MotorControl.M1_VBUS_PARTITIONING_FACTOR=0.052164840897235255
MotorControl.MAX_READABLE_CURRENT=31.845
MotorControl.MCPA_OVER_UART_A_STREAM=10
MotorControl.MCP_ASPEP_OVER_UART=true
MotorControl.MCP_ASYNC_EN=true
MotorControl.MCP_ASYNC_OVER_ASPEP_EN=true
MotorControl.MCP_ASYNC_OVER_UART_A_EN=true
MotorControl.MCP_DMACH_RX_UART_A=5
MotorControl.MCP_DMACH_TX_UART_A=6
MotorControl.MCP_DMA_RX_UART_A=DMA1
MotorControl.MCP_DMA_TX_UART_A=DMA1
MotorControl.MCP_EN=true
MotorControl.MCP_IRQ_HANDLER_DMA_RX_UART_A=DMA1_Stream5_IRQHandler
MotorControl.MCP_IRQ_HANDLER_UART_A=USART2_IRQHandler
MotorControl.MCP_OVER_ASPEP_EN=true
MotorControl.MCP_OVER_STLNK_EN=false
MotorControl.MCP_OVER_UART_A_EN=true
MotorControl.MCP_OVER_UART_B_EN=false
MotorControl.MCP_RX_SYNC_PAYLOAD_MAX=128
MotorControl.MCP_TX_ASYNC_PAYLOAD_MAX_UART_A=2048
MotorControl.MCP_TX_SYNC_PAYLOAD_MAX=128
MotorControl.MCU=STM32F401RE
MotorControl.MCU_FAMILY=STM32F4
MotorControl.MCU_LINE=STM32F401
MotorControl.MCU_NAME=STM32F401R(D-E)Tx
MotorControl.MCU_PACKAGE=LQFP64
MotorControl.MCU_TYPE=STM32F401RE
MotorControl.MCU_USERNAME=STM32F401RETx
MotorControl.MC_WORKBENCH_VERSION=6.4.1
MotorControl.MOTOR_PROFILER=false
MotorControl.MOTOR_TYPE=PMSM
MotorControl.ON_OVER_VOLTAGE=TURN_OFF_PWM
MotorControl.OV_VOLTAGE_PROT_ENABLING=true
MotorControl.PHASE_UH_GPIO_PIN=LL_GPIO_PIN_8
MotorControl.PHASE_UH_GPIO_PORT=GPIOA
MotorControl.PHASE_UH_POLARITY=H_ACTIVE_HIGH
MotorControl.PHASE_UL_GPIO_PIN=LL_GPIO_PIN_7
MotorControl.PHASE_UL_GPIO_PORT=GPIOA
MotorControl.PHASE_UL_POLARITY=L_ACTIVE_LOW
MotorControl.PHASE_U_CURR_ADC=ADC1
MotorControl.PHASE_U_CURR_CHANNEL=ADC_CHANNEL_0
MotorControl.PHASE_U_GPIO_PIN=LL_GPIO_PIN_0
MotorControl.PHASE_U_GPIO_PORT=GPIOA
MotorControl.PHASE_U_PWM_CHANNEL=TIM_Channel_1
MotorControl.PHASE_VH_GPIO_PIN=LL_GPIO_PIN_9
MotorControl.PHASE_VH_GPIO_PORT=GPIOA
MotorControl.PHASE_VH_POLARITY=H_ACTIVE_HIGH
MotorControl.PHASE_VL_GPIO_PIN=LL_GPIO_PIN_0
MotorControl.PHASE_VL_GPIO_PORT=GPIOB
MotorControl.PHASE_VL_POLARITY=L_ACTIVE_LOW
MotorControl.PHASE_V_CURR_ADC=ADC1
MotorControl.PHASE_V_CURR_CHANNEL=ADC_CHANNEL_11
MotorControl.PHASE_V_GPIO_PIN=LL_GPIO_PIN_1
MotorControl.PHASE_V_GPIO_PORT=GPIOC
MotorControl.PHASE_V_PWM_CHANNEL=TIM_Channel_2
MotorControl.PHASE_WH_GPIO_PIN=LL_GPIO_PIN_10
MotorControl.PHASE_WH_GPIO_PORT=GPIOA
MotorControl.PHASE_WH_POLARITY=H_ACTIVE_HIGH
MotorControl.PHASE_WL_GPIO_PIN=LL_GPIO_PIN_1
MotorControl.PHASE_WL_GPIO_PORT=GPIOB
MotorControl.PHASE_WL_POLARITY=L_ACTIVE_LOW
MotorControl.PHASE_W_CURR_ADC=ADC1
MotorControl.PHASE_W_CURR_CHANNEL=ADC_CHANNEL_10
MotorControl.PHASE_W_GPIO_PIN=LL_GPIO_PIN_0
MotorControl.PHASE_W_GPIO_PORT=GPIOC
MotorControl.PHASE_W_PWM_CHANNEL=TIM_Channel_3
MotorControl.POTENTIOMETER_READING=false
MotorControl.PWM_FREQUENCY=16000
MotorControl.PWM_TIMER_SELECTION=PWM_TIM1
MotorControl.REGULATION_EXECUTION_RATE=1
MotorControl.RTOS=NONE
MotorControl.R_BRAKE_SWITCH_OFF_THRES_V=23
MotorControl.SINGLEDRIVE=true
MotorControl.SPD_DIFFERENTIAL_TERM_ENABLING=false
MotorControl.SPEED_SENSOR_SELECTION=ENCODER
MotorControl.START_STOP_BTN=true
MotorControl.START_STOP_GPIO_IRQ=EXTI15_10
MotorControl.START_STOP_GPIO_PIN=LL_GPIO_PIN_13
MotorControl.START_STOP_GPIO_PORT=GPIOC
MotorControl.START_STOP_POLARITY=DIN_ACTIVE_LOW
MotorControl.START_STOP_POLARITY_EDGE=GPIO_NOPULL
MotorControl.STM32F401RE=true
MotorControl.SW_DEADTIME_NS=850
MotorControl.TEMPERATURE_READING=false
MotorControl.TFDIFFERENTIAL_TERM_ENABLING=false
MotorControl.THREE_SHUNT=true
MotorControl.TRISE_NS=1000
MotorControl.USART_RX_GPIO_PIN=LL_GPIO_PIN_3
MotorControl.USART_RX_GPIO_PORT=GPIOA
MotorControl.USART_SELECTION=USE_USART2
MotorControl.USART_SELECTION_A=USART2
MotorControl.USART_SPEED=921600
MotorControl.USART_TX_GPIO_PIN=LL_GPIO_PIN_2
MotorControl.USART_TX_GPIO_PORT=GPIOA
MotorControl.USE_3OPAMPS=false
MotorControl.USE_INTERNAL_OPAMP=false
MotorControl.UV_VOLTAGE_PROT_ENABLING=true
MotorControl.VBUS_ADC=ADC1
MotorControl.VBUS_ADC_SAMPLING_TIME=28
MotorControl.VBUS_CHANNEL=ADC_CHANNEL_1
MotorControl.VBUS_GPIO_PIN=LL_GPIO_PIN_1
MotorControl.VBUS_GPIO_PORT=GPIOA
MotorControl.WB_MX_HEAPSIZE=0x200
MotorControl.WB_MX_STACKSIZE=0x400
MotorControl.WB_MX_TRUSTZONE_AVAILABLE=false
MotorControl.WB_UI_CUTOFF_FREQUENCY=6000
MotorControl.WB_UI_ENCODER_HAS_INDEX_PIN=false
MotorControl.WB_UI_FLUX_TARGET=0
MotorControl.WB_UI_FRICTION=12.2
MotorControl.WB_UI_INERTIA=8.62
MotorControl.WB_UI_MAGNETIC_STRUCTURE=SM-PMSM
MotorControl.WB_UI_MAX_CURRENT=5
MotorControl.WB_UI_MAX_NOMINAL_DC_VOLTAGE=24
MotorControl.WB_UI_MAX_PWMFREQUENCY=100000
MotorControl.WB_UI_MOTOR_DESCRIPTION=brushless DC motor with encoder
MotorControl.WB_UI_OCP_DISABLING_ENABLE=false
MotorControl.WB_UI_OCP_THRESHOLD=30
MotorControl.WB_UI_PW_BOARD_MAX_RATED_CURRENT=30
MotorControl.WB_UI_PW_BOARD_MAX_VOLTAGE=48
MotorControl.WB_UI_PW_BOARD_MIN_VOLTAGE=10
MotorControl.WB_UI_VPOL=1.71
MotorControl.WB_to_Mx_template_version=25-05-06
MotorControl.WB_to_Mx_version=6.4.1-RC1-Full
MxCube.Version=6.16.1
MxDb.Version=DB.6.0.161
NVIC.ADC_IRQn=true\:2\:0\:true\:true\:false\:3\:false\:true\:true
NVIC.BusFault_IRQn=true\:0\:0\:false\:false\:false\:false\:false\:false
NVIC.DMA1_Stream5_IRQn=true\:3\:0\:true\:true\:false\:2\:true\:true\:true
NVIC.DebugMonitor_IRQn=true\:0\:0\:false\:false\:false\:false\:false\:false
NVIC.EXTI15_10_IRQn=true\:3\:0\:false\:true\:false\:7\:true\:true\:true
NVIC.ForceEnableDMAVector=false
NVIC.HardFault_IRQn=true\:0\:0\:false\:false\:false\:false\:false\:false
NVIC.MemoryManagement_IRQn=true\:0\:0\:false\:false\:false\:false\:false\:false
NVIC.NonMaskableInt_IRQn=true\:0\:0\:false\:false\:false\:false\:true\:false
NVIC.PendSV_IRQn=true\:0\:0\:false\:false\:false\:false\:false\:false
NVIC.PriorityGroup=NVIC_PRIORITYGROUP_3
NVIC.SVCall_IRQn=true\:0\:0\:false\:false\:false\:false\:false\:false
NVIC.SysTick_IRQn=true\:4\:0\:true\:false\:false\:false\:true\:false
NVIC.TIM1_BRK_TIM9_IRQn=true\:4\:1\:false\:true\:false\:5\:true\:true\:true
NVIC.TIM1_UP_TIM10_IRQn=true\:0\:0\:false\:true\:false\:4\:true\:true\:true
NVIC.TIM2_IRQn=true\:3\:0\:false\:true\:false\:6\:true\:true\:true
NVIC.USART2_IRQn=true\:3\:1\:true\:true\:false\:1\:true\:true\:true
NVIC.UsageFault_IRQn=true\:0\:0\:false\:false\:false\:false\:false\:false
PA0-WKUP.GPIOParameters=GPIO_Label
PA0-WKUP.GPIO_Label=M1_CURR_AMPL_U
PA0-WKUP.Locked=true
PA0-WKUP.Signal=ADCx_IN0
PA1.GPIOParameters=GPIO_Label
PA1.GPIO_Label=M1_BUS_VOLTAGE
PA1.Locked=true
PA1.Signal=ADCx_IN1
PA10.GPIOParameters=GPIO_Speed,GPIO_PuPd,GPIO_Label
PA10.GPIO_Label=M1_PWM_WH
PA10.GPIO_PuPd=GPIO_PULLDOWN
PA10.GPIO_Speed=GPIO_SPEED_FREQ_HIGH
PA10.Locked=true
PA10.Signal=S_TIM1_CH3
PA15.GPIOParameters=GPIO_Label
PA15.GPIO_Label=M1_ENCODER_A
PA15.Locked=true
PA15.Signal=S_TIM2_CH1_ETR
PA2.GPIOParameters=GPIO_Speed,GPIO_PuPd,GPIO_Label,GPIO_Mode
PA2.GPIO_Label=UART_TX
PA2.GPIO_Mode=GPIO_MODE_AF_PP
PA2.GPIO_PuPd=GPIO_NOPULL
PA2.GPIO_Speed=GPIO_SPEED_FREQ_LOW
PA2.Locked=true
PA2.Mode=Asynchronous
PA2.Signal=USART2_TX
PA3.GPIOParameters=GPIO_Speed,GPIO_PuPd,GPIO_Label,GPIO_Mode
PA3.GPIO_Label=UART_RX
PA3.GPIO_Mode=GPIO_MODE_AF_PP
PA3.GPIO_PuPd=GPIO_NOPULL
PA3.GPIO_Speed=GPIO_SPEED_FREQ_LOW
PA3.Locked=true
PA3.Mode=Asynchronous
PA3.Signal=USART2_RX
PA6.GPIOParameters=GPIO_PuPd,GPIO_Label
PA6.GPIO_Label=M1_OCP
PA6.GPIO_PuPd=GPIO_PULLUP
PA6.Locked=true
PA6.Mode=Activate-Break-Input
PA6.Signal=TIM1_BKIN
PA7.GPIOParameters=GPIO_Speed,GPIO_PuPd,GPIO_Label
PA7.GPIO_Label=M1_PWM_UL
PA7.GPIO_PuPd=GPIO_PULLUP
PA7.GPIO_Speed=GPIO_SPEED_FREQ_HIGH
PA7.Locked=true
PA7.Mode=PWM Generation1 CH1 CH1N
PA7.Signal=TIM1_CH1N
PA8.GPIOParameters=GPIO_Speed,GPIO_PuPd,GPIO_Label
PA8.GPIO_Label=M1_PWM_UH
PA8.GPIO_PuPd=GPIO_PULLDOWN
PA8.GPIO_Speed=GPIO_SPEED_FREQ_HIGH
PA8.Locked=true
PA8.Signal=S_TIM1_CH1
PA9.GPIOParameters=GPIO_Speed,GPIO_PuPd,GPIO_Label
PA9.GPIO_Label=M1_PWM_VH
PA9.GPIO_PuPd=GPIO_PULLDOWN
PA9.GPIO_Speed=GPIO_SPEED_FREQ_HIGH
PA9.Locked=true
PA9.Signal=S_TIM1_CH2
PB0.GPIOParameters=GPIO_Speed,GPIO_PuPd,GPIO_Label
PB0.GPIO_Label=M1_PWM_VL
PB0.GPIO_PuPd=GPIO_PULLUP
PB0.GPIO_Speed=GPIO_SPEED_FREQ_HIGH
PB0.Locked=true
PB0.Mode=PWM Generation2 CH2 CH2N
PB0.Signal=TIM1_CH2N
PB1.GPIOParameters=GPIO_Speed,GPIO_PuPd,GPIO_Label
PB1.GPIO_Label=M1_PWM_WL
PB1.GPIO_PuPd=GPIO_PULLUP
PB1.GPIO_Speed=GPIO_SPEED_FREQ_HIGH
PB1.Locked=true
PB1.Mode=PWM Generation3 CH3 CH3N
PB1.Signal=TIM1_CH3N
PB3.GPIOParameters=GPIO_Label
PB3.GPIO_Label=M1_ENCODER_B
PB3.Locked=true
PB3.Signal=S_TIM2_CH2
PC0.GPIOParameters=GPIO_Label
PC0.GPIO_Label=M1_CURR_AMPL_W
PC0.Locked=true
PC0.Signal=ADCx_IN10
PC1.GPIOParameters=GPIO_Label
PC1.GPIO_Label=M1_CURR_AMPL_V
PC1.Locked=true
PC1.Signal=ADCx_IN11
PC13-ANTI_TAMP.GPIOParameters=GPIO_PuPd,GPIO_Label,GPIO_ModeDefaultEXTI
PC13-ANTI_TAMP.GPIO_Label=Start/Stop [PushButton]
PC13-ANTI_TAMP.GPIO_ModeDefaultEXTI=GPIO_MODE_IT_FALLING
PC13-ANTI_TAMP.GPIO_PuPd=GPIO_NOPULL
PC13-ANTI_TAMP.Locked=true
PC13-ANTI_TAMP.Signal=GPXTI13
PCC.Checker=false
PCC.Line=STM32F401
PCC.MCU=STM32F401R(D-E)Tx
PCC.PartNumber=STM32F401RETx
PCC.Series=STM32F4
PCC.Temperature=25
PCC.Vdd=3.3
PH0\ -\ OSC_IN.Locked=true
PH0\ -\ OSC_IN.Mode=HSE-External-Oscillator
PH0\ -\ OSC_IN.Signal=RCC_OSC_IN
PH1\ -\ OSC_OUT.Locked=true
PH1\ -\ OSC_OUT.Mode=HSE-External-Oscillator
PH1\ -\ OSC_OUT.Signal=RCC_OSC_OUT
PinOutPanel.RotationAngle=0
ProjectManager.AskForMigrate=true
ProjectManager.BackupPrevious=false
ProjectManager.CompilerLinker=GCC
ProjectManager.CompilerOptimize=5
ProjectManager.ComputerToolchain=false
ProjectManager.CoupleFile=false
ProjectManager.CustomerFirmwarePackage=
ProjectManager.DefaultFWLocation=true
ProjectManager.DeletePrevious=true
ProjectManager.DeviceId=STM32F401RETx
ProjectManager.FirmwarePackage=STM32Cube FW_F4 V1.28.2
ProjectManager.FreePins=false
ProjectManager.FreePinsContext=
ProjectManager.HalAssertFull=false
ProjectManager.HeapSize=0x200
ProjectManager.KeepUserCode=true
ProjectManager.LastFirmware=false
ProjectManager.LibraryCopy=0
ProjectManager.MainLocation=Src
ProjectManager.NoMain=false
ProjectManager.PreviousToolchain=
ProjectManager.ProjectBuild=false
ProjectManager.ProjectFileName=invpend_BLDC.ioc
ProjectManager.ProjectName=invpend_BLDC
ProjectManager.ProjectStructure=
ProjectManager.RegisterCallBack=
ProjectManager.StackSize=0x400
ProjectManager.TargetToolchain=CMake
ProjectManager.ToolChainLocation=
ProjectManager.UAScriptAfterPath=
ProjectManager.UAScriptBeforePath=
ProjectManager.UnderRoot=false
ProjectManager.functionlistsort=1-SystemClock_Config-RCC-false-HAL-false,2-MX_GPIO_Init-GPIO-false-HAL-true,3-MX_DMA_Init-DMA-false-HAL-true,4-MX_ADC1_Init-ADC1-false-HAL-true,5-MX_TIM1_Init-TIM1-false-HAL-true,6-MX_TIM2_Init-TIM2-false-HAL-true,7-MX_USART2_UART_Init-USART2-false-HAL-true,8-MX_MotorControl_Init-MotorControl-false-HAL-false
ProjectManager.iocOrigin=MotorControl
RCC.48MHZClocksFreq_Value=42000000
RCC.AHBFreq_Value=84000000
RCC.APB1CLKDivider=RCC_HCLK_DIV2
RCC.APB1Freq_Value=42000000
RCC.APB1TimFreq_Value=84000000
RCC.APB2Freq_Value=84000000
RCC.APB2TimFreq_Value=84000000
RCC.CortexFreq_Value=84000000
RCC.EnbaleCSS=true
RCC.FCLKCortexFreq_Value=84000000
RCC.HCLKFreq_Value=84000000
RCC.HSE_VALUE=8000000
RCC.HSI_VALUE=16000000
RCC.I2SClocksFreq_Value=192000000
RCC.IPParameters=48MHZClocksFreq_Value,AHBFreq_Value,APB1CLKDivider,APB1Freq_Value,APB1TimFreq_Value,APB2Freq_Value,APB2TimFreq_Value,CortexFreq_Value,EnbaleCSS,FCLKCortexFreq_Value,HCLKFreq_Value,HSE_VALUE,HSI_VALUE,I2SClocksFreq_Value,LSE_VALUE,LSI_VALUE,MCO2PinFreq_Value,PLLCLKFreq_Value,PLLM,PLLN,PLLQCLKFreq_Value,PLLSourceVirtual,PREFETCH_ENABLE,RTCFreq_Value,RTCHSEDivFreq_Value,SYSCLKFreq_VALUE,SYSCLKSource,VCOI2SOutputFreq_Value,VCOInputFreq_Value,VCOOutputFreq_Value,VcooutputI2S
RCC.LSE_VALUE=32768
RCC.LSI_VALUE=32000
RCC.MCO2PinFreq_Value=84000000
RCC.PLLCLKFreq_Value=84000000
RCC.PLLM=4
RCC.PLLN=84
RCC.PLLQCLKFreq_Value=42000000
RCC.PLLSourceVirtual=RCC_PLLSOURCE_HSE
RCC.PREFETCH_ENABLE=1
RCC.RTCFreq_Value=32000
RCC.RTCHSEDivFreq_Value=4000000
RCC.SYSCLKFreq_VALUE=84000000
RCC.SYSCLKSource=RCC_SYSCLKSOURCE_PLLCLK
RCC.VCOI2SOutputFreq_Value=384000000
RCC.VCOInputFreq_Value=2000000
RCC.VCOOutputFreq_Value=168000000
RCC.VcooutputI2S=192000000
SH.ADCx_IN0.0=ADC1_IN0,IN0
SH.ADCx_IN0.ConfNb=1
SH.ADCx_IN1.0=ADC1_IN1,IN1
SH.ADCx_IN1.ConfNb=1
SH.ADCx_IN10.0=ADC1_IN10,IN10
SH.ADCx_IN10.ConfNb=1
SH.ADCx_IN11.0=ADC1_IN11,IN11
SH.ADCx_IN11.ConfNb=1
SH.GPXTI13.0=GPIO_EXTI13
SH.GPXTI13.ConfNb=1
SH.S_TIM1_CH1.0=TIM1_CH1,PWM Generation1 CH1 CH1N
SH.S_TIM1_CH1.ConfNb=1
SH.S_TIM1_CH2.0=TIM1_CH2,PWM Generation2 CH2 CH2N
SH.S_TIM1_CH2.ConfNb=1
SH.S_TIM1_CH3.0=TIM1_CH3,PWM Generation3 CH3 CH3N
SH.S_TIM1_CH3.ConfNb=1
SH.S_TIM2_CH1_ETR.0=TIM2_CH1,Encoder_Interface
SH.S_TIM2_CH1_ETR.ConfNb=1
SH.S_TIM2_CH2.0=TIM2_CH2,Encoder_Interface
SH.S_TIM2_CH2.ConfNb=1
TIM1.AutoReloadPreload=TIM_AUTORELOAD_PRELOAD_DISABLE
TIM1.AutomaticOutput=TIM_AUTOMATICOUTPUT_DISABLE
TIM1.BreakPolarity=TIM_BREAKPOLARITY_LOW
TIM1.BreakState=TIM_BREAK_ENABLE
TIM1.Channel-PWM\ Generation1\ CH1\ CH1N=TIM_CHANNEL_1
TIM1.Channel-PWM\ Generation2\ CH2\ CH2N=TIM_CHANNEL_2
TIM1.Channel-PWM\ Generation3\ CH3\ CH3N=TIM_CHANNEL_3
TIM1.Channel-PWM\ Generation4\ No\ Output=TIM_CHANNEL_4
TIM1.ClearInputSource=TIM_CLEARINPUTSOURCE_NONE
TIM1.ClockDivision=TIM_CLOCKDIVISION_DIV2
TIM1.CounterMode=TIM_COUNTERMODE_CENTERALIGNED1
TIM1.DeadTime=((DEAD_TIME_COUNTS) / 2)
TIM1.IPParameters=CounterMode,ClockDivision,AutoReloadPreload,TIM_MasterSlaveMode,TIM_MasterOutputTrigger,BreakState,BreakPolarity,AutomaticOutput,OffStateRunMode,OffStateIDLEMode,LockLevel,ClearInputSource,Channel-PWM Generation1 CH1 CH1N,OCMode_PWM-PWM Generation1 CH1 CH1N,OC1Preload_PWM,OCIdleState_1,OCPolarity_1,OCNPolarity_1,OCNIdleState_1,Channel-PWM Generation2 CH2 CH2N,OCMode_PWM-PWM Generation2 CH2 CH2N,OC2Preload_PWM,OCIdleState_2,OCPolarity_2,OCNPolarity_2,OCNIdleState_2,Channel-PWM Generation3 CH3 CH3N,OCMode_PWM-PWM Generation3 CH3 CH3N,OC3Preload_PWM,OCIdleState_3,OCPolarity_3,OCNPolarity_3,OCNIdleState_3,Channel-PWM Generation4 No Output,OCMode_PWM-PWM Generation4 No Output,OC4Preload_PWM,OCPolarity_4,OCIdleState_4,Prescaler,Period,RepetitionCounter,DeadTime,Pulse-PWM Generation1 CH1 CH1N,Pulse-PWM Generation2 CH2 CH2N,Pulse-PWM Generation3 CH3 CH3N,Pulse-PWM Generation4 No Output
TIM1.IPParametersWithoutCheck=Pulse-PWM Generation3 CH3 CH3N,Pulse-PWM Generation1 CH1 CH1N,Pulse-PWM Generation4 No Output,RepetitionCounter,DeadTime,Prescaler,Period,Pulse-PWM Generation2 CH2 CH2N
TIM1.LockLevel=TIM_LOCKLEVEL_OFF
TIM1.OC1Preload_PWM=ENABLE
TIM1.OC2Preload_PWM=ENABLE
TIM1.OC3Preload_PWM=ENABLE
TIM1.OC4Preload_PWM=ENABLE
TIM1.OCIdleState_1=TIM_OCIDLESTATE_RESET
TIM1.OCIdleState_2=TIM_OCIDLESTATE_RESET
TIM1.OCIdleState_3=TIM_OCIDLESTATE_RESET
TIM1.OCIdleState_4=TIM_OCIDLESTATE_RESET
TIM1.OCMode_PWM-PWM\ Generation1\ CH1\ CH1N=TIM_OCMODE_PWM1
TIM1.OCMode_PWM-PWM\ Generation2\ CH2\ CH2N=TIM_OCMODE_PWM1
TIM1.OCMode_PWM-PWM\ Generation3\ CH3\ CH3N=TIM_OCMODE_PWM1
TIM1.OCMode_PWM-PWM\ Generation4\ No\ Output=TIM_OCMODE_PWM2
TIM1.OCNIdleState_1=TIM_OCNIDLESTATE_SET
TIM1.OCNIdleState_2=TIM_OCNIDLESTATE_SET
TIM1.OCNIdleState_3=TIM_OCNIDLESTATE_SET
TIM1.OCNPolarity_1=TIM_OCNPOLARITY_LOW
TIM1.OCNPolarity_2=TIM_OCNPOLARITY_LOW
TIM1.OCNPolarity_3=TIM_OCNPOLARITY_LOW
TIM1.OCPolarity_1=TIM_OCPOLARITY_HIGH
TIM1.OCPolarity_2=TIM_OCPOLARITY_HIGH
TIM1.OCPolarity_3=TIM_OCPOLARITY_HIGH
TIM1.OCPolarity_4=TIM_OCPOLARITY_HIGH
TIM1.OffStateIDLEMode=TIM_OSSI_ENABLE
TIM1.OffStateRunMode=TIM_OSSR_ENABLE
TIM1.Period=((PWM_PERIOD_CYCLES) / 2)
TIM1.Prescaler=((TIM_CLOCK_DIVIDER) - 1)
TIM1.Pulse-PWM\ Generation1\ CH1\ CH1N=((PWM_PERIOD_CYCLES) / 4)
TIM1.Pulse-PWM\ Generation2\ CH2\ CH2N=((PWM_PERIOD_CYCLES) / 4)
TIM1.Pulse-PWM\ Generation3\ CH3\ CH3N=((PWM_PERIOD_CYCLES) / 4)
TIM1.Pulse-PWM\ Generation4\ No\ Output=(((PWM_PERIOD_CYCLES) / 2) - (HTMIN))
TIM1.RepetitionCounter=(REP_COUNTER)
TIM1.TIM_MasterOutputTrigger=TIM_TRGO_RESET
TIM1.TIM_MasterSlaveMode=TIM_MASTERSLAVEMODE_DISABLE
TIM2.EncoderMode=TIM_ENCODERMODE_TI12
TIM2.IC1Filter=M1_ENC_IC_FILTER
TIM2.IC1Polarity=TIM_ICPOLARITY_RISING
TIM2.IC2Filter=M1_ENC_IC_FILTER
TIM2.IC2Polarity=TIM_ICPOLARITY_RISING
TIM2.IPParameters=EncoderMode,Period,IC1Filter,IC1Polarity,IC2Filter,IC2Polarity
TIM2.IPParametersWithoutCheck=IC2Filter,Period,IC1Filter
TIM2.Period=M1_PULSE_NBR
USART2.BaudRate=921600
USART2.IPParameters=BaudRate,WordLength,VirtualMode-Asynchronous,VirtualMode
USART2.VirtualMode=VM_ASYNC
USART2.VirtualMode-Asynchronous=VM_ASYNC
USART2.WordLength=WORDLENGTH_8B
VP_MotorControl_MC_ENABLED.Mode=Enabled
VP_MotorControl_MC_ENABLED.Signal=MotorControl_MC_ENABLED
VP_SYS_VS_Systick.Mode=SysTick
VP_SYS_VS_Systick.Signal=SYS_VS_Systick
VP_TIM1_VS_no_output4.Mode=PWM Generation4 No Output
VP_TIM1_VS_no_output4.Signal=TIM1_VS_no_output4
board=custom
